
Microsoft Visual Studio Solution File, Format Version 12.00
# Visual Studio Version 17
VisualStudioVersion = 17.12.35514.174 d17.12
MinimumVisualStudioVersion = 10.0.40219.1
Project("{FAE04EC0-301F-11D3-BF4B-00C04F79EFBC}") = "DataStructuresToolkit_Wilkerson_W1", "DataStructuresToolkit_Wilkerson_W1\DataStructuresToolkit_Wilkerson_W1.csproj", "{72F7E9D7-F187-4BDB-9D31-C90C60CABA2F}"
EndProject
Project("{FAE04EC0-301F-11D3-BF4B-00C04F79EFBC}") = "DataStructuresToolkit", "DataStructuresToolkit\DataStructuresToolkit.csproj", "{D04564F0-9FAF-44CF-B36A-3239E4360EAD}"
EndProject
Project("{FAE04EC0-301F-11D3-BF4B-00C04F79EFBC}") = "DataStructuresToolkit.Tests", "DataStructuresToolkit.Tests\DataStructuresToolkit.Tests.csproj", "{E449A807-1590-402B-B460-80B9276B32C5}"
EndProject
Global
	GlobalSection(SolutionConfigurationPlatforms) = preSolution
		Debug|Any CPU = Debug|Any CPU
		Release|Any CPU = Release|Any CPU
	EndGlobalSection
	GlobalSection(ProjectConfigurationPlatforms) = postSolution
		{72F7E9D7-F187-4BDB-9D31-C90C60CABA2F}.Debug|Any CPU.ActiveCfg = Debug|Any CPU
		{72F7E9D7-F187-4BDB-9D31-C90C60CABA2F}.Debug|Any CPU.Build.0 = Debug|Any CPU
		{72F7E9D7-F187-4BDB-9D31-C90C60CABA2F}.Release|Any CPU.ActiveCfg = Release|Any CPU
		{72F7E9D7-F187-4BDB-9D31-C90C60CABA2F}.Release|Any CPU.Build.0 = Release|Any CPU
		{D04564F0-9FAF-44CF-B36A-3239E4360EAD}.Debug|Any CPU.ActiveCfg = Debug|Any CPU
		{D04564F0-9FAF-44CF-B36A-3239E4360EAD}.Debug|Any CPU.Build.0 = Debug|Any CPU
		{D04564F0-9FAF-44CF-B36A-3239E4360EAD}.Release|Any CPU.ActiveCfg = Release|Any CPU
		{D04564F0-9FAF-44CF-B36A-3239E4360EAD}.Release|Any CPU.Build.0 = Release|Any CPU
		{E449A807-1590-402B-B460-80B9276B32C5}.Debug|Any CPU.ActiveCfg = Debug|Any CPU
		{E449A807-1590-402B-B460-80B9276B32C5}.Debug|Any CPU.Build.0 = Debug|Any CPU
		{E449A807-1590-402B-B460-80B9276B32C5}.Release|Any CPU.ActiveCfg = Release|Any CPU
		{E449A807-1590-402B-B460-80B9276B32C5}.Release|Any CPU.Build.0 = Release|Any CPU
	EndGlobalSection
	GlobalSection(SolutionProperties) = preSolution
		HideSolutionNode = FALSE
	EndGlobalSection
EndGlobal
